
Microsoft Visual Studio Solution File, Format Version 12.00
# Visual Studio Version 16
VisualStudioVersion = 16.0.30907.101
MinimumVisualStudioVersion = 10.0.40219.1
Project("{9A19103F-16F7-4668-BE54-9A1E7A4F7556}") = "Test.DotNet", "Test.DotNet\Test.DotNet.csproj", "{F97232FF-B05B-4F3C-9416-DD189460A381}"
EndProject
Project("{2150E333-8FDC-42A3-9474-1A3956D46DE8}") = "01.UI", "01.UI", "{8CA348FB-D81B-4297-9C13-1FF47BC1F797}"
EndProject
Project("{2150E333-8FDC-42A3-9474-1A3956D46DE8}") = "02.Services", "02.Services", "{2479B5F9-6A23-47F9-8A80-DBA96D82E8F5}"
EndProject
Project("{2150E333-8FDC-42A3-9474-1A3956D46DE8}") = "03.Persistence", "03.Persistence", "{6D4B667E-C7EB-4F21-94A5-3DC35297AD33}"
EndProject
Project("{2150E333-8FDC-42A3-9474-1A3956D46DE8}") = "04.Model", "04.Model", "{3597280A-D1E3-4143-9CB4-BE99BC8AE472}"
EndProject
Project("{2150E333-8FDC-42A3-9474-1A3956D46DE8}") = "05.Tests", "05.Tests", "{70FBA59C-7908-41FE-A682-90D1CC61930D}"
EndProject
Project("{9A19103F-16F7-4668-BE54-9A1E7A4F7556}") = "Test.Services", "Test.Services\Test.Services.csproj", "{347A7B2B-838E-4C64-8C1E-C4AD23B1414F}"
EndProject
Project("{9A19103F-16F7-4668-BE54-9A1E7A4F7556}") = "Test.Persistence", "Test.Persistence\Test.Persistence.csproj", "{92B532C5-B6FB-42CB-A7D5-69A0A9DC72FB}"
EndProject
Project("{9A19103F-16F7-4668-BE54-9A1E7A4F7556}") = "Test.Model", "Test.Model\Test.Model.csproj", "{E63E27E0-DD95-4706-A430-A0AA22582E34}"
EndProject
Project("{FAE04EC0-301F-11D3-BF4B-00C04F79EFBC}") = "Test.Services.Tests", "Test.Services.Tests\Test.Services.Tests.csproj", "{9F7B28D2-076B-4494-BD15-B58D6386AFD4}"
EndProject
Global
	GlobalSection(SolutionConfigurationPlatforms) = preSolution
		Debug|Any CPU = Debug|Any CPU
		Release|Any CPU = Release|Any CPU
	EndGlobalSection
	GlobalSection(ProjectConfigurationPlatforms) = postSolution
		{F97232FF-B05B-4F3C-9416-DD189460A381}.Debug|Any CPU.ActiveCfg = Debug|Any CPU
		{F97232FF-B05B-4F3C-9416-DD189460A381}.Debug|Any CPU.Build.0 = Debug|Any CPU
		{F97232FF-B05B-4F3C-9416-DD189460A381}.Release|Any CPU.ActiveCfg = Release|Any CPU
		{F97232FF-B05B-4F3C-9416-DD189460A381}.Release|Any CPU.Build.0 = Release|Any CPU
		{347A7B2B-838E-4C64-8C1E-C4AD23B1414F}.Debug|Any CPU.ActiveCfg = Debug|Any CPU
		{347A7B2B-838E-4C64-8C1E-C4AD23B1414F}.Debug|Any CPU.Build.0 = Debug|Any CPU
		{347A7B2B-838E-4C64-8C1E-C4AD23B1414F}.Release|Any CPU.ActiveCfg = Release|Any CPU
		{347A7B2B-838E-4C64-8C1E-C4AD23B1414F}.Release|Any CPU.Build.0 = Release|Any CPU
		{92B532C5-B6FB-42CB-A7D5-69A0A9DC72FB}.Debug|Any CPU.ActiveCfg = Debug|Any CPU
		{92B532C5-B6FB-42CB-A7D5-69A0A9DC72FB}.Debug|Any CPU.Build.0 = Debug|Any CPU
		{92B532C5-B6FB-42CB-A7D5-69A0A9DC72FB}.Release|Any CPU.ActiveCfg = Release|Any CPU
		{92B532C5-B6FB-42CB-A7D5-69A0A9DC72FB}.Release|Any CPU.Build.0 = Release|Any CPU
		{E63E27E0-DD95-4706-A430-A0AA22582E34}.Debug|Any CPU.ActiveCfg = Debug|Any CPU
		{E63E27E0-DD95-4706-A430-A0AA22582E34}.Debug|Any CPU.Build.0 = Debug|Any CPU
		{E63E27E0-DD95-4706-A430-A0AA22582E34}.Release|Any CPU.ActiveCfg = Release|Any CPU
		{E63E27E0-DD95-4706-A430-A0AA22582E34}.Release|Any CPU.Build.0 = Release|Any CPU
		{9F7B28D2-076B-4494-BD15-B58D6386AFD4}.Debug|Any CPU.ActiveCfg = Debug|Any CPU
		{9F7B28D2-076B-4494-BD15-B58D6386AFD4}.Debug|Any CPU.Build.0 = Debug|Any CPU
		{9F7B28D2-076B-4494-BD15-B58D6386AFD4}.Release|Any CPU.ActiveCfg = Release|Any CPU
		{9F7B28D2-076B-4494-BD15-B58D6386AFD4}.Release|Any CPU.Build.0 = Release|Any CPU
	EndGlobalSection
	GlobalSection(SolutionProperties) = preSolution
		HideSolutionNode = FALSE
	EndGlobalSection
	GlobalSection(NestedProjects) = preSolution
		{F97232FF-B05B-4F3C-9416-DD189460A381} = {8CA348FB-D81B-4297-9C13-1FF47BC1F797}
		{347A7B2B-838E-4C64-8C1E-C4AD23B1414F} = {2479B5F9-6A23-47F9-8A80-DBA96D82E8F5}
		{92B532C5-B6FB-42CB-A7D5-69A0A9DC72FB} = {6D4B667E-C7EB-4F21-94A5-3DC35297AD33}
		{E63E27E0-DD95-4706-A430-A0AA22582E34} = {3597280A-D1E3-4143-9CB4-BE99BC8AE472}
		{9F7B28D2-076B-4494-BD15-B58D6386AFD4} = {70FBA59C-7908-41FE-A682-90D1CC61930D}
	EndGlobalSection
	GlobalSection(ExtensibilityGlobals) = postSolution
		SolutionGuid = {FCBDED00-A24F-4A51-B154-283CD0D394B0}
	EndGlobalSection
EndGlobal
